// !$*UTF8*$!
{
	archiveVersion = 1;
	classes = {
	};
	objectVersion = 56;
	objects = {

/* Begin PBXBuildFile section */
		5C4292FB2A7365A700F55002 /* Hometown.swift in Sources */ = {isa = PBXBuildFile; fileRef = 5C4292FA2A7365A700F55002 /* Hometown.swift */; };
		5C547B922A7A09DB00E137A3 /* NewTaskView.swift in Sources */ = {isa = PBXBuildFile; fileRef = 5C547B912A7A09DB00E137A3 /* NewTaskView.swift */; };
		5C5D6CB72A7499C100CBC978 /* OffsetKey.swift in Sources */ = {isa = PBXBuildFile; fileRef = 5C5D6CB62A7499C100CBC978 /* OffsetKey.swift */; };
		5C5D6CB92A74F50E00CBC978 /* TaskRowView.swift in Sources */ = {isa = PBXBuildFile; fileRef = 5C5D6CB82A74F50E00CBC978 /* TaskRowView.swift */; };
		5C6CE3402A66185000E2099A /* ScannerView.swift in Sources */ = {isa = PBXBuildFile; fileRef = 5C6CE33F2A66185000E2099A /* ScannerView.swift */; };
		5C6CE3432A661F8600E2099A /* QRScanner.swift in Sources */ = {isa = PBXBuildFile; fileRef = 5C6CE3422A661F8600E2099A /* QRScanner.swift */; };
		5C783C152A5FEB7400226E5B /* Task_ManagementAppApp.swift in Sources */ = {isa = PBXBuildFile; fileRef = 5C783C142A5FEB7400226E5B /* Task_ManagementAppApp.swift */; };
		5C783C172A5FEB7400226E5B /* ContentView.swift in Sources */ = {isa = PBXBuildFile; fileRef = 5C783C162A5FEB7400226E5B /* ContentView.swift */; };
		5C783C192A5FEB7500226E5B /* Assets.xcassets in Resources */ = {isa = PBXBuildFile; fileRef = 5C783C182A5FEB7500226E5B /* Assets.xcassets */; };
		5C783C1D2A5FEB7500226E5B /* Preview Assets.xcassets in Resources */ = {isa = PBXBuildFile; fileRef = 5C783C1C2A5FEB7500226E5B /* Preview Assets.xcassets */; };
		5C783C412A5FEBED00226E5B /* Task.swift in Sources */ = {isa = PBXBuildFile; fileRef = 5C783C402A5FEBED00226E5B /* Task.swift */; };
		5C783C442A5FEE2400226E5B /* View+Extensions.swift in Sources */ = {isa = PBXBuildFile; fileRef = 5C783C432A5FEE2400226E5B /* View+Extensions.swift */; };
		5C783C472A5FEF4800226E5B /* Home.swift in Sources */ = {isa = PBXBuildFile; fileRef = 5C783C462A5FEF4800226E5B /* Home.swift */; };
		5C783C492A5FF50300226E5B /* Date+Extensions.swift in Sources */ = {isa = PBXBuildFile; fileRef = 5C783C482A5FF50300226E5B /* Date+Extensions.swift */; };
		5CA627022A790B0800D48ABB /* SwiftQRCodeScanner in Frameworks */ = {isa = PBXBuildFile; productRef = 5CA627012A790B0800D48ABB /* SwiftQRCodeScanner */; };
		5CDE57062A6281B40038F1F2 /* KeyboardView.swift in Sources */ = {isa = PBXBuildFile; fileRef = 5CDE57052A6281B40038F1F2 /* KeyboardView.swift */; };
/* End PBXBuildFile section */

/* Begin PBXFileReference section */
		5C4292FA2A7365A700F55002 /* Hometown.swift */ = {isa = PBXFileReference; lastKnownFileType = sourcecode.swift; path = Hometown.swift; sourceTree = "<group>"; };
		5C547B912A7A09DB00E137A3 /* NewTaskView.swift */ = {isa = PBXFileReference; lastKnownFileType = sourcecode.swift; path = NewTaskView.swift; sourceTree = "<group>"; };
		5C5D6CB62A7499C100CBC978 /* OffsetKey.swift */ = {isa = PBXFileReference; lastKnownFileType = sourcecode.swift; path = OffsetKey.swift; sourceTree = "<group>"; };
		5C5D6CB82A74F50E00CBC978 /* TaskRowView.swift */ = {isa = PBXFileReference; lastKnownFileType = sourcecode.swift; path = TaskRowView.swift; sourceTree = "<group>"; };
		5C6CE33F2A66185000E2099A /* ScannerView.swift */ = {isa = PBXFileReference; lastKnownFileType = sourcecode.swift; path = ScannerView.swift; sourceTree = "<group>"; };
		5C6CE3422A661F8600E2099A /* QRScanner.swift */ = {isa = PBXFileReference; lastKnownFileType = sourcecode.swift; path = QRScanner.swift; sourceTree = "<group>"; };
		5C6CE3442A66211800E2099A /* Task-ManagementApp-Info.plist */ = {isa = PBXFileReference; lastKnownFileType = text.plist; path = "Task-ManagementApp-Info.plist"; sourceTree = SOURCE_ROOT; };
		5C783C112A5FEB7400226E5B /* Task ManagementApp.app */ = {isa = PBXFileReference; explicitFileType = wrapper.application; includeInIndex = 0; path = "Task ManagementApp.app"; sourceTree = BUILT_PRODUCTS_DIR; };
		5C783C142A5FEB7400226E5B /* Task_ManagementAppApp.swift */ = {isa = PBXFileReference; lastKnownFileType = sourcecode.swift; path = Task_ManagementAppApp.swift; sourceTree = "<group>"; };
		5C783C162A5FEB7400226E5B /* ContentView.swift */ = {isa = PBXFileReference; lastKnownFileType = sourcecode.swift; path = ContentView.swift; sourceTree = "<group>"; };
		5C783C182A5FEB7500226E5B /* Assets.xcassets */ = {isa = PBXFileReference; lastKnownFileType = folder.assetcatalog; path = Assets.xcassets; sourceTree = "<group>"; };
		5C783C1A2A5FEB7500226E5B /* Task_ManagementApp.entitlements */ = {isa = PBXFileReference; lastKnownFileType = text.plist.entitlements; path = Task_ManagementApp.entitlements; sourceTree = "<group>"; };
		5C783C1C2A5FEB7500226E5B /* Preview Assets.xcassets */ = {isa = PBXFileReference; lastKnownFileType = folder.assetcatalog; path = "Preview Assets.xcassets"; sourceTree = "<group>"; };
		5C783C402A5FEBED00226E5B /* Task.swift */ = {isa = PBXFileReference; lastKnownFileType = sourcecode.swift; path = Task.swift; sourceTree = "<group>"; };
		5C783C432A5FEE2400226E5B /* View+Extensions.swift */ = {isa = PBXFileReference; lastKnownFileType = sourcecode.swift; path = "View+Extensions.swift"; sourceTree = "<group>"; };
		5C783C462A5FEF4800226E5B /* Home.swift */ = {isa = PBXFileReference; lastKnownFileType = sourcecode.swift; path = Home.swift; sourceTree = "<group>"; };
		5C783C482A5FF50300226E5B /* Date+Extensions.swift */ = {isa = PBXFileReference; lastKnownFileType = sourcecode.swift; path = "Date+Extensions.swift"; sourceTree = "<group>"; };
		5CDE57052A6281B40038F1F2 /* KeyboardView.swift */ = {isa = PBXFileReference; lastKnownFileType = sourcecode.swift; path = KeyboardView.swift; sourceTree = "<group>"; };
/* End PBXFileReference section */

/* Begin PBXFrameworksBuildPhase section */
		5C783C0E2A5FEB7400226E5B /* Frameworks */ = {
			isa = PBXFrameworksBuildPhase;
			buildActionMask = 2147483647;
			files = (
				5CA627022A790B0800D48ABB /* SwiftQRCodeScanner in Frameworks */,
			);
			runOnlyForDeploymentPostprocessing = 0;
		};
/* End PBXFrameworksBuildPhase section */

/* Begin PBXGroup section */
		5C6CE3412A661F7900E2099A /* components */ = {
			isa = PBXGroup;
			children = (
				5C6CE3422A661F8600E2099A /* QRScanner.swift */,
			);
			path = components;
			sourceTree = "<group>";
		};
		5C783C082A5FEB7400226E5B = {
			isa = PBXGroup;
			children = (
				5C783C132A5FEB7400226E5B /* Task ManagementApp */,
				5C783C122A5FEB7400226E5B /* Products */,
			);
			sourceTree = "<group>";
		};
		5C783C122A5FEB7400226E5B /* Products */ = {
			isa = PBXGroup;
			children = (
				5C783C112A5FEB7400226E5B /* Task ManagementApp.app */,
			);
			name = Products;
			sourceTree = "<group>";
		};
		5C783C132A5FEB7400226E5B /* Task ManagementApp */ = {
			isa = PBXGroup;
			children = (
				5C6CE3442A66211800E2099A /* Task-ManagementApp-Info.plist */,
				5C6CE3412A661F7900E2099A /* components */,
				5CDE57042A62818F0038F1F2 /* Screens */,
				5C783C452A5FEF3B00226E5B /* View */,
				5C783C422A5FEDF800226E5B /* Helpers */,
				5C783C3F2A5FEBD700226E5B /* Model */,
				5C783C142A5FEB7400226E5B /* Task_ManagementAppApp.swift */,
				5C783C162A5FEB7400226E5B /* ContentView.swift */,
				5C783C182A5FEB7500226E5B /* Assets.xcassets */,
				5C783C1A2A5FEB7500226E5B /* Task_ManagementApp.entitlements */,
				5C783C1B2A5FEB7500226E5B /* Preview Content */,
			);
			path = "Task ManagementApp";
			sourceTree = "<group>";
		};
		5C783C1B2A5FEB7500226E5B /* Preview Content */ = {
			isa = PBXGroup;
			children = (
				5C783C1C2A5FEB7500226E5B /* Preview Assets.xcassets */,
			);
			path = "Preview Content";
			sourceTree = "<group>";
		};
		5C783C3F2A5FEBD700226E5B /* Model */ = {
			isa = PBXGroup;
			children = (
				5C783C402A5FEBED00226E5B /* Task.swift */,
			);
			path = Model;
			sourceTree = "<group>";
		};
		5C783C422A5FEDF800226E5B /* Helpers */ = {
			isa = PBXGroup;
			children = (
				5C783C432A5FEE2400226E5B /* View+Extensions.swift */,
				5C783C482A5FF50300226E5B /* Date+Extensions.swift */,
				5C5D6CB62A7499C100CBC978 /* OffsetKey.swift */,
			);
			path = Helpers;
			sourceTree = "<group>";
		};
		5C783C452A5FEF3B00226E5B /* View */ = {
			isa = PBXGroup;
			children = (
				5C783C462A5FEF4800226E5B /* Home.swift */,
				5C4292FA2A7365A700F55002 /* Hometown.swift */,
				5C5D6CB82A74F50E00CBC978 /* TaskRowView.swift */,
				5C547B912A7A09DB00E137A3 /* NewTaskView.swift */,
			);
			path = View;
			sourceTree = "<group>";
		};
		5CDE57042A62818F0038F1F2 /* Screens */ = {
			isa = PBXGroup;
			children = (
				5CDE57052A6281B40038F1F2 /* KeyboardView.swift */,
				5C6CE33F2A66185000E2099A /* ScannerView.swift */,
			);
			path = Screens;
			sourceTree = "<group>";
		};
/* End PBXGroup section */

/* Begin PBXNativeTarget section */
		5C783C102A5FEB7400226E5B /* Task ManagementApp */ = {
			isa = PBXNativeTarget;
			buildConfigurationList = 5C783C362A5FEB7500226E5B /* Build configuration list for PBXNativeTarget "Task ManagementApp" */;
			buildPhases = (
				5C783C0D2A5FEB7400226E5B /* Sources */,
				5C783C0E2A5FEB7400226E5B /* Frameworks */,
				5C783C0F2A5FEB7400226E5B /* Resources */,
			);
			buildRules = (
			);
			dependencies = (
			);
			name = "Task ManagementApp";
			packageProductDependencies = (
				5CA627012A790B0800D48ABB /* SwiftQRCodeScanner */,
			);
			productName = "Task ManagementApp";
			productReference = 5C783C112A5FEB7400226E5B /* Task ManagementApp.app */;
			productType = "com.apple.product-type.application";
		};
/* End PBXNativeTarget section */

/* Begin PBXProject section */
		5C783C092A5FEB7400226E5B /* Project object */ = {
			isa = PBXProject;
			attributes = {
				BuildIndependentTargetsInParallel = 1;
				LastSwiftUpdateCheck = 1430;
				LastUpgradeCheck = 1430;
				TargetAttributes = {
					5C783C102A5FEB7400226E5B = {
						CreatedOnToolsVersion = 14.3.1;
					};
				};
			};
			buildConfigurationList = 5C783C0C2A5FEB7400226E5B /* Build configuration list for PBXProject "Task ManagementApp" */;
			compatibilityVersion = "Xcode 14.0";
			developmentRegion = en;
			hasScannedForEncodings = 0;
			knownRegions = (
				en,
				Base,
			);
			mainGroup = 5C783C082A5FEB7400226E5B;
			packageReferences = (
				5CA627002A790B0800D48ABB /* XCRemoteSwiftPackageReference "SwiftQRCodeScanner" */,
			);
			productRefGroup = 5C783C122A5FEB7400226E5B /* Products */;
			projectDirPath = "";
			projectRoot = "";
			targets = (
				5C783C102A5FEB7400226E5B /* Task ManagementApp */,
			);
		};
/* End PBXProject section */

/* Begin PBXResourcesBuildPhase section */
		5C783C0F2A5FEB7400226E5B /* Resources */ = {
			isa = PBXResourcesBuildPhase;
			buildActionMask = 2147483647;
			files = (
				5C783C1D2A5FEB7500226E5B /* Preview Assets.xcassets in Resources */,
				5C783C192A5FEB7500226E5B /* Assets.xcassets in Resources */,
			);
			runOnlyForDeploymentPostprocessing = 0;
		};
/* End PBXResourcesBuildPhase section */

/* Begin PBXSourcesBuildPhase section */
		5C783C0D2A5FEB7400226E5B /* Sources */ = {
			isa = PBXSourcesBuildPhase;
			buildActionMask = 2147483647;
			files = (
				5C6CE3432A661F8600E2099A /* QRScanner.swift in Sources */,
				5C783C172A5FEB7400226E5B /* ContentView.swift in Sources */,
				5C6CE3402A66185000E2099A /* ScannerView.swift in Sources */,
				5C783C442A5FEE2400226E5B /* View+Extensions.swift in Sources */,
				5C4292FB2A7365A700F55002 /* Hometown.swift in Sources */,
				5CDE57062A6281B40038F1F2 /* KeyboardView.swift in Sources */,
				5C783C472A5FEF4800226E5B /* Home.swift in Sources */,
				5C783C412A5FEBED00226E5B /* Task.swift in Sources */,
				5C547B922A7A09DB00E137A3 /* NewTaskView.swift in Sources */,
				5C783C152A5FEB7400226E5B /* Task_ManagementAppApp.swift in Sources */,
				5C5D6CB72A7499C100CBC978 /* OffsetKey.swift in Sources */,
				5C5D6CB92A74F50E00CBC978 /* TaskRowView.swift in Sources */,
				5C783C492A5FF50300226E5B /* Date+Extensions.swift in Sources */,
			);
			runOnlyForDeploymentPostprocessing = 0;
		};
/* End PBXSourcesBuildPhase section */

/* Begin XCBuildConfiguration section */
		5C783C342A5FEB7500226E5B /* Debug */ = {
			isa = XCBuildConfiguration;
			buildSettings = {
				ALWAYS_SEARCH_USER_PATHS = NO;
				CLANG_ANALYZER_NONNULL = YES;
				CLANG_ANALYZER_NUMBER_OBJECT_CONVERSION = YES_AGGRESSIVE;
				CLANG_CXX_LANGUAGE_STANDARD = "gnu++20";
				CLANG_ENABLE_MODULES = YES;
				CLANG_ENABLE_OBJC_ARC = YES;
				CLANG_ENABLE_OBJC_WEAK = YES;
				CLANG_WARN_BLOCK_CAPTURE_AUTORELEASING = YES;
				CLANG_WARN_BOOL_CONVERSION = YES;
				CLANG_WARN_COMMA = YES;
				CLANG_WARN_CONSTANT_CONVERSION = YES;
				CLANG_WARN_DEPRECATED_OBJC_IMPLEMENTATIONS = YES;
				CLANG_WARN_DIRECT_OBJC_ISA_USAGE = YES_ERROR;
				CLANG_WARN_DOCUMENTATION_COMMENTS = YES;
				CLANG_WARN_EMPTY_BODY = YES;
				CLANG_WARN_ENUM_CONVERSION = YES;
				CLANG_WARN_INFINITE_RECURSION = YES;
				CLANG_WARN_INT_CONVERSION = YES;
				CLANG_WARN_NON_LITERAL_NULL_CONVERSION = YES;
				CLANG_WARN_OBJC_IMPLICIT_RETAIN_SELF = YES;
				CLANG_WARN_OBJC_LITERAL_CONVERSION = YES;
				CLANG_WARN_OBJC_ROOT_CLASS = YES_ERROR;
				CLANG_WARN_QUOTED_INCLUDE_IN_FRAMEWORK_HEADER = YES;
				CLANG_WARN_RANGE_LOOP_ANALYSIS = YES;
				CLANG_WARN_STRICT_PROTOTYPES = YES;
				CLANG_WARN_SUSPICIOUS_MOVE = YES;
				CLANG_WARN_UNGUARDED_AVAILABILITY = YES_AGGRESSIVE;
				CLANG_WARN_UNREACHABLE_CODE = YES;
				CLANG_WARN__DUPLICATE_METHOD_MATCH = YES;
				COPY_PHASE_STRIP = NO;
				DEBUG_INFORMATION_FORMAT = dwarf;
				ENABLE_STRICT_OBJC_MSGSEND = YES;
				ENABLE_TESTABILITY = YES;
				GCC_C_LANGUAGE_STANDARD = gnu11;
				GCC_DYNAMIC_NO_PIC = NO;
				GCC_NO_COMMON_BLOCKS = YES;
				GCC_OPTIMIZATION_LEVEL = 0;
				GCC_PREPROCESSOR_DEFINITIONS = (
					"DEBUG=1",
					"$(inherited)",
				);
				GCC_WARN_64_TO_32_BIT_CONVERSION = YES;
				GCC_WARN_ABOUT_RETURN_TYPE = YES_ERROR;
				GCC_WARN_UNDECLARED_SELECTOR = YES;
				GCC_WARN_UNINITIALIZED_AUTOS = YES_AGGRESSIVE;
				GCC_WARN_UNUSED_FUNCTION = YES;
				GCC_WARN_UNUSED_VARIABLE = YES;
				MTL_ENABLE_DEBUG_INFO = INCLUDE_SOURCE;
				MTL_FAST_MATH = YES;
				ONLY_ACTIVE_ARCH = YES;
				SWIFT_ACTIVE_COMPILATION_CONDITIONS = DEBUG;
				SWIFT_OPTIMIZATION_LEVEL = "-Onone";
			};
			name = Debug;
		};
		5C783C352A5FEB7500226E5B /* Release */ = {
			isa = XCBuildConfiguration;
			buildSettings = {
				ALWAYS_SEARCH_USER_PATHS = NO;
				CLANG_ANALYZER_NONNULL = YES;
				CLANG_ANALYZER_NUMBER_OBJECT_CONVERSION = YES_AGGRESSIVE;
				CLANG_CXX_LANGUAGE_STANDARD = "gnu++20";
				CLANG_ENABLE_MODULES = YES;
				CLANG_ENABLE_OBJC_ARC = YES;
				CLANG_ENABLE_OBJC_WEAK = YES;
				CLANG_WARN_BLOCK_CAPTURE_AUTORELEASING = YES;
				CLANG_WARN_BOOL_CONVERSION = YES;
				CLANG_WARN_COMMA = YES;
				CLANG_WARN_CONSTANT_CONVERSION = YES;
				CLANG_WARN_DEPRECATED_OBJC_IMPLEMENTATIONS = YES;
				CLANG_WARN_DIRECT_OBJC_ISA_USAGE = YES_ERROR;
				CLANG_WARN_DOCUMENTATION_COMMENTS = YES;
				CLANG_WARN_EMPTY_BODY = YES;
				CLANG_WARN_ENUM_CONVERSION = YES;
				CLANG_WARN_INFINITE_RECURSION = YES;
				CLANG_WARN_INT_CONVERSION = YES;
				CLANG_WARN_NON_LITERAL_NULL_CONVERSION = YES;
				CLANG_WARN_OBJC_IMPLICIT_RETAIN_SELF = YES;
				CLANG_WARN_OBJC_LITERAL_CONVERSION = YES;
				CLANG_WARN_OBJC_ROOT_CLASS = YES_ERROR;
				CLANG_WARN_QUOTED_INCLUDE_IN_FRAMEWORK_HEADER = YES;
				CLANG_WARN_RANGE_LOOP_ANALYSIS = YES;
				CLANG_WARN_STRICT_PROTOTYPES = YES;
				CLANG_WARN_SUSPICIOUS_MOVE = YES;
				CLANG_WARN_UNGUARDED_AVAILABILITY = YES_AGGRESSIVE;
				CLANG_WARN_UNREACHABLE_CODE = YES;
				CLANG_WARN__DUPLICATE_METHOD_MATCH = YES;
				COPY_PHASE_STRIP = NO;
				DEBUG_INFORMATION_FORMAT = "dwarf-with-dsym";
				ENABLE_NS_ASSERTIONS = NO;
				ENABLE_STRICT_OBJC_MSGSEND = YES;
				GCC_C_LANGUAGE_STANDARD = gnu11;
				GCC_NO_COMMON_BLOCKS = YES;
				GCC_WARN_64_TO_32_BIT_CONVERSION = YES;
				GCC_WARN_ABOUT_RETURN_TYPE = YES_ERROR;
				GCC_WARN_UNDECLARED_SELECTOR = YES;
				GCC_WARN_UNINITIALIZED_AUTOS = YES_AGGRESSIVE;
				GCC_WARN_UNUSED_FUNCTION = YES;
				GCC_WARN_UNUSED_VARIABLE = YES;
				MTL_ENABLE_DEBUG_INFO = NO;
				MTL_FAST_MATH = YES;
				SWIFT_COMPILATION_MODE = wholemodule;
				SWIFT_OPTIMIZATION_LEVEL = "-O";
			};
			name = Release;
		};
		5C783C372A5FEB7500226E5B /* Debug */ = {
			isa = XCBuildConfiguration;
			buildSettings = {
				ASSETCATALOG_COMPILER_APPICON_NAME = AppIcon;
				ASSETCATALOG_COMPILER_GLOBAL_ACCENT_COLOR_NAME = AccentColor;
				CODE_SIGN_ENTITLEMENTS = "Task ManagementApp/Task_ManagementApp.entitlements";
				CODE_SIGN_STYLE = Automatic;
				CURRENT_PROJECT_VERSION = 1;
				DEVELOPMENT_ASSET_PATHS = "\"Task ManagementApp/Preview Content\"";
				DEVELOPMENT_TEAM = Z68JPHB787;
				ENABLE_PREVIEWS = YES;
				GENERATE_INFOPLIST_FILE = YES;
				INFOPLIST_FILE = "Task-ManagementApp-Info.plist";
				INFOPLIST_KEY_NSCameraUsageDescription = "$(PRODUCT_NAME) would like to use your camera to scan QR codes";
				INFOPLIST_KEY_NSFaceIDUsageDescription = "Face ID";
				INFOPLIST_KEY_NSPhotoLibraryUsageDescription = "allow to access photo library";
				"INFOPLIST_KEY_UIApplicationSceneManifest_Generation[sdk=iphoneos*]" = YES;
				"INFOPLIST_KEY_UIApplicationSceneManifest_Generation[sdk=iphonesimulator*]" = YES;
				"INFOPLIST_KEY_UIApplicationSupportsIndirectInputEvents[sdk=iphoneos*]" = YES;
				"INFOPLIST_KEY_UIApplicationSupportsIndirectInputEvents[sdk=iphonesimulator*]" = YES;
				"INFOPLIST_KEY_UILaunchScreen_Generation[sdk=iphoneos*]" = YES;
				"INFOPLIST_KEY_UILaunchScreen_Generation[sdk=iphonesimulator*]" = YES;
				INFOPLIST_KEY_UIRequiresFullScreen = YES;
				INFOPLIST_KEY_UIStatusBarHidden = NO;
				INFOPLIST_KEY_UIStatusBarStyle = "";
				"INFOPLIST_KEY_UIStatusBarStyle[sdk=iphoneos*]" = UIStatusBarStyleDefault;
				"INFOPLIST_KEY_UIStatusBarStyle[sdk=iphonesimulator*]" = UIStatusBarStyleDefault;
				INFOPLIST_KEY_UISupportedInterfaceOrientations = UIInterfaceOrientationPortrait;
				IPHONEOS_DEPLOYMENT_TARGET = 16.4;
				LD_RUNPATH_SEARCH_PATHS = "@executable_path/Frameworks";
				"LD_RUNPATH_SEARCH_PATHS[sdk=macosx*]" = "@executable_path/../Frameworks";
				MACOSX_DEPLOYMENT_TARGET = 13.3;
				MARKETING_VERSION = 1.0;
				PRODUCT_BUNDLE_IDENTIFIER = "gettoken.Task-ManagementApp";
				PRODUCT_NAME = "$(TARGET_NAME)";
				SDKROOT = auto;
				SUPPORTED_PLATFORMS = "iphoneos iphonesimulator";
				SUPPORTS_MACCATALYST = NO;
				SUPPORTS_MAC_DESIGNED_FOR_IPHONE_IPAD = NO;
				SWIFT_EMIT_LOC_STRINGS = YES;
				SWIFT_VERSION = 5.0;
				TARGETED_DEVICE_FAMILY = 1;
			};
			name = Debug;
		};
		5C783C382A5FEB7500226E5B /* Release */ = {
			isa = XCBuildConfiguration;
			buildSettings = {
				ASSETCATALOG_COMPILER_APPICON_NAME = AppIcon;
				ASSETCATALOG_COMPILER_GLOBAL_ACCENT_COLOR_NAME = AccentColor;
				CODE_SIGN_ENTITLEMENTS = "Task ManagementApp/Task_ManagementApp.entitlements";
				CODE_SIGN_STYLE = Automatic;
				CURRENT_PROJECT_VERSION = 1;
				DEVELOPMENT_ASSET_PATHS = "\"Task ManagementApp/Preview Content\"";
				DEVELOPMENT_TEAM = Z68JPHB787;
				ENABLE_PREVIEWS = YES;
				GENERATE_INFOPLIST_FILE = YES;
				INFOPLIST_FILE = "Task-ManagementApp-Info.plist";
				INFOPLIST_KEY_NSCameraUsageDescription = "$(PRODUCT_NAME) would like to use your camera to scan QR codes";
				INFOPLIST_KEY_NSFaceIDUsageDescription = "Face ID";
				INFOPLIST_KEY_NSPhotoLibraryUsageDescription = "allow to access photo library";
				"INFOPLIST_KEY_UIApplicationSceneManifest_Generation[sdk=iphoneos*]" = YES;
				"INFOPLIST_KEY_UIApplicationSceneManifest_Generation[sdk=iphonesimulator*]" = YES;
				"INFOPLIST_KEY_UIApplicationSupportsIndirectInputEvents[sdk=iphoneos*]" = YES;
				"INFOPLIST_KEY_UIApplicationSupportsIndirectInputEvents[sdk=iphonesimulator*]" = YES;
				"INFOPLIST_KEY_UILaunchScreen_Generation[sdk=iphoneos*]" = YES;
				"INFOPLIST_KEY_UILaunchScreen_Generation[sdk=iphonesimulator*]" = YES;
				INFOPLIST_KEY_UIRequiresFullScreen = YES;
				INFOPLIST_KEY_UIStatusBarHidden = NO;
				INFOPLIST_KEY_UIStatusBarStyle = "";
				"INFOPLIST_KEY_UIStatusBarStyle[sdk=iphoneos*]" = UIStatusBarStyleDefault;
				"INFOPLIST_KEY_UIStatusBarStyle[sdk=iphonesimulator*]" = UIStatusBarStyleDefault;
				INFOPLIST_KEY_UISupportedInterfaceOrientations = UIInterfaceOrientationPortrait;
				IPHONEOS_DEPLOYMENT_TARGET = 16.4;
				LD_RUNPATH_SEARCH_PATHS = "@executable_path/Frameworks";
				"LD_RUNPATH_SEARCH_PATHS[sdk=macosx*]" = "@executable_path/../Frameworks";
				MACOSX_DEPLOYMENT_TARGET = 13.3;
				MARKETING_VERSION = 1.0;
				PRODUCT_BUNDLE_IDENTIFIER = "gettoken.Task-ManagementApp";
				PRODUCT_NAME = "$(TARGET_NAME)";
				SDKROOT = auto;
				SUPPORTED_PLATFORMS = "iphoneos iphonesimulator";
				SUPPORTS_MACCATALYST = NO;
				SUPPORTS_MAC_DESIGNED_FOR_IPHONE_IPAD = NO;
				SWIFT_EMIT_LOC_STRINGS = YES;
				SWIFT_VERSION = 5.0;
				TARGETED_DEVICE_FAMILY = 1;
			};
			name = Release;
		};
/* End XCBuildConfiguration section */

/* Begin XCConfigurationList section */
		5C783C0C2A5FEB7400226E5B /* Build configuration list for PBXProject "Task ManagementApp" */ = {
			isa = XCConfigurationList;
			buildConfigurations = (
				5C783C342A5FEB7500226E5B /* Debug */,
				5C783C352A5FEB7500226E5B /* Release */,
			);
			defaultConfigurationIsVisible = 0;
			defaultConfigurationName = Release;
		};
		5C783C362A5FEB7500226E5B /* Build configuration list for PBXNativeTarget "Task ManagementApp" */ = {
			isa = XCConfigurationList;
			buildConfigurations = (
				5C783C372A5FEB7500226E5B /* Debug */,
				5C783C382A5FEB7500226E5B /* Release */,
			);
			defaultConfigurationIsVisible = 0;
			defaultConfigurationName = Release;
		};
/* End XCConfigurationList section */

/* Begin XCRemoteSwiftPackageReference section */
		5CA627002A790B0800D48ABB /* XCRemoteSwiftPackageReference "SwiftQRCodeScanner" */ = {
			isa = XCRemoteSwiftPackageReference;
			repositoryURL = "https://github.com/vinodiOS/SwiftQRCodeScanner.git";
			requirement = {
				kind = upToNextMajorVersion;
				minimumVersion = 1.0.0;
			};
		};
/* End XCRemoteSwiftPackageReference section */

/* Begin XCSwiftPackageProductDependency section */
		5CA627012A790B0800D48ABB /* SwiftQRCodeScanner */ = {
			isa = XCSwiftPackageProductDependency;
			package = 5CA627002A790B0800D48ABB /* XCRemoteSwiftPackageReference "SwiftQRCodeScanner" */;
			productName = SwiftQRCodeScanner;
		};
/* End XCSwiftPackageProductDependency section */
	};
	rootObject = 5C783C092A5FEB7400226E5B /* Project object */;
}
