{
  "pins" : [
    {
      "identity" : "swiftqrcodescanner",
      "kind" : "remoteSourceControl",
      "location" : "https://github.com/vinodiOS/SwiftQRCodeScanner.git",
      "state" : {
        "revision" : "bfaa2885e836dddcb25fbfefada908377344880b",
        "version" : "1.1.5"
      }
    }
  ],
  "version" : 2
}
